# THIS IS AN AUTOGENERATED FILE. DO NOT EDIT THIS FILE DIRECTLY.
# yarn lockfile v1


"@babel/code-frame@^7.12.13":
  version "7.26.2"
  dependencies:
    "@babel/helper-validator-identifier" "^7.25.9"
    js-tokens "^4.0.0"
    picocolors "^1.0.0"

"@babel/helper-validator-identifier@^7.25.9":
  version "7.25.9"

"@jest/expect-utils@^29.7.0":
  version "29.7.0"
  dependencies:
    jest-get-type "^29.6.3"

"@jest/schemas@^29.6.3":
  version "29.6.3"
  dependencies:
    "@sinclair/typebox" "^0.27.8"

"@jest/types@^29.6.3":
  version "29.6.3"
  dependencies:
    "@jest/schemas" "^29.6.3"
    "@types/istanbul-lib-coverage" "^2.0.0"
    "@types/istanbul-reports" "^3.0.0"
    "@types/node" "*"
    "@types/yargs" "^17.0.8"
    chalk "^4.0.0"

"@sinclair/typebox@^0.27.8":
  version "0.27.8"

"@types/formidable@^3.4.5":
  version "3.4.5"
  resolved "https://registry.npmjs.org/@types/formidable/-/formidable-3.4.5.tgz"
  integrity sha512-s7YPsNVfnsng5L8sKnG/Gbb2tiwwJTY1conOkJzTMRvJAlLFW1nEua+ADsJQu8N1c0oTHx9+d5nqg10WuT9gHQ==
  dependencies:
    "@types/node" "*"

"@types/istanbul-lib-coverage@*", "@types/istanbul-lib-coverage@^2.0.0":
  version "2.0.6"

"@types/istanbul-lib-report@*":
  version "3.0.3"
  dependencies:
    "@types/istanbul-lib-coverage" "*"

"@types/istanbul-reports@^3.0.0":
  version "3.0.4"
  dependencies:
    "@types/istanbul-lib-report" "*"

"@types/jest@^29.5.14":
  version "29.5.14"
  dependencies:
    expect "^29.0.0"
    pretty-format "^29.0.0"

"@types/node@*":
  version "22.9.3"
  dependencies:
    undici-types "~6.19.8"

"@types/stack-utils@^2.0.0":
  version "2.0.3"

"@types/yargs-parser@*":
  version "21.0.3"

"@types/yargs@^17.0.8":
  version "17.0.33"
  dependencies:
    "@types/yargs-parser" "*"

ansi-styles@^4.1.0:
  version "4.3.0"
  dependencies:
    color-convert "^2.0.1"

ansi-styles@^5.0.0:
  version "5.2.0"

asap@^2.0.0:
  version "2.0.6"

braces@^3.0.3:
  version "3.0.3"
  dependencies:
    fill-range "^7.1.1"

chalk@^4.0.0:
  version "4.1.2"
  dependencies:
    ansi-styles "^4.1.0"
    supports-color "^7.1.0"

ci-info@^3.2.0:
  version "3.9.0"

color-convert@^2.0.1:
  version "2.0.1"
  dependencies:
    color-name "~1.1.4"

color-name@~1.1.4:
  version "1.1.4"

dezalgo@^1.0.4:
  version "1.0.4"
  dependencies:
    asap "^2.0.0"
    wrappy "1"

diff-sequences@^29.6.3:
  version "29.6.3"

escape-string-regexp@^2.0.0:
  version "2.0.0"

expect@^29.0.0:
  version "29.7.0"
  dependencies:
    "@jest/expect-utils" "^29.7.0"
    jest-get-type "^29.6.3"
    jest-matcher-utils "^29.7.0"
    jest-message-util "^29.7.0"
    jest-util "^29.7.0"

fill-range@^7.1.1:
  version "7.1.1"
  dependencies:
    to-regex-range "^5.0.1"

formidable@^3.5.2:
  version "3.5.2"
  dependencies:
    dezalgo "^1.0.4"
    hexoid "^2.0.0"
    once "^1.4.0"

graceful-fs@^4.2.9:
  version "4.2.11"

has-flag@^4.0.0:
  version "4.0.0"

hexoid@^2.0.0:
  version "2.0.0"

is-number@^7.0.0:
  version "7.0.0"

jest-diff@^29.7.0:
  version "29.7.0"
  dependencies:
    chalk "^4.0.0"
    diff-sequences "^29.6.3"
    jest-get-type "^29.6.3"
    pretty-format "^29.7.0"

jest-get-type@^29.6.3:
  version "29.6.3"

jest-matcher-utils@^29.7.0:
  version "29.7.0"
  dependencies:
    chalk "^4.0.0"
    jest-diff "^29.7.0"
    jest-get-type "^29.6.3"
    pretty-format "^29.7.0"

jest-message-util@^29.7.0:
  version "29.7.0"
  dependencies:
    "@babel/code-frame" "^7.12.13"
    "@jest/types" "^29.6.3"
    "@types/stack-utils" "^2.0.0"
    chalk "^4.0.0"
    graceful-fs "^4.2.9"
    micromatch "^4.0.4"
    pretty-format "^29.7.0"
    slash "^3.0.0"
    stack-utils "^2.0.3"

jest-util@^29.7.0:
  version "29.7.0"
  dependencies:
    "@jest/types" "^29.6.3"
    "@types/node" "*"
    chalk "^4.0.0"
    ci-info "^3.2.0"
    graceful-fs "^4.2.9"
    picomatch "^2.2.3"

js-tokens@^4.0.0:
  version "4.0.0"

micromatch@^4.0.4:
  version "4.0.8"
  dependencies:
    braces "^3.0.3"
    picomatch "^2.3.1"

once@^1.4.0:
  version "1.4.0"
  dependencies:
    wrappy "1"

picocolors@^1.0.0:
  version "1.1.1"

picomatch@^2.2.3, picomatch@^2.3.1:
  version "2.3.1"

pretty-format@^29.0.0, pretty-format@^29.7.0:
  version "29.7.0"
  dependencies:
    "@jest/schemas" "^29.6.3"
    ansi-styles "^5.0.0"
    react-is "^18.0.0"

react-is@^18.0.0:
  version "18.3.1"

slash@^3.0.0:
  version "3.0.0"

stack-utils@^2.0.3:
  version "2.0.6"
  dependencies:
    escape-string-regexp "^2.0.0"

supports-color@^7.1.0:
  version "7.2.0"
  dependencies:
    has-flag "^4.0.0"

to-regex-range@^5.0.1:
  version "5.0.1"
  dependencies:
    is-number "^7.0.0"

undici-types@~6.19.8:
  version "6.19.8"

wrappy@1:
  version "1.0.2"
